
Microsoft Visual Studio Solution File, Format Version 12.00
# Visual Studio Version 16
VisualStudioVersion = 16.0.29806.167
MinimumVisualStudioVersion = 10.0.40219.1
Project("{FAE04EC0-301F-11D3-BF4B-00C04F79EFBC}") = "Models Core", "Models Core\Models Core.csproj", "{592AB332-1BA8-4D2A-B80B-6A6DF5708301}"
EndProject
Global
	GlobalSection(SolutionConfigurationPlatforms) = preSolution
		Debug|Any CPU = Debug|Any CPU
		Release|Any CPU = Release|Any CPU
	EndGlobalSection
	GlobalSection(ProjectConfigurationPlatforms) = postSolution
		{592AB332-1BA8-4D2A-B80B-6A6DF5708301}.Debug|Any CPU.ActiveCfg = Debug|Any CPU
		{592AB332-1BA8-4D2A-B80B-6A6DF5708301}.Debug|Any CPU.Build.0 = Debug|Any CPU
		{592AB332-1BA8-4D2A-B80B-6A6DF5708301}.Release|Any CPU.ActiveCfg = Release|Any CPU
		{592AB332-1BA8-4D2A-B80B-6A6DF5708301}.Release|Any CPU.Build.0 = Release|Any CPU
	EndGlobalSection
	GlobalSection(SolutionProperties) = preSolution
		HideSolutionNode = FALSE
	EndGlobalSection
	GlobalSection(ExtensibilityGlobals) = postSolution
		SolutionGuid = {540E6593-89CF-43BB-AE72-D09CA801B9CA}
	EndGlobalSection
	GlobalSection(TeamFoundationVersionControl) = preSolution
		SccNumberOfProjects = 2
		SccEnterpriseProvider = {4CA58AB2-18FA-4F8D-95D4-32DDF27D184C}
		SccTeamFoundationServer = https://dev.azure.com/Ohtap
		SccLocalPath0 = .
		SccProjectUniqueName1 = Models\u0020Core\\Models\u0020Core.csproj
		SccProjectName1 = Models\u0020Core
		SccLocalPath1 = Models\u0020Core
	EndGlobalSection
EndGlobal
