
Microsoft Visual Studio Solution File, Format Version 12.00
# Visual Studio Version 16
VisualStudioVersion = 16.0.29806.167
MinimumVisualStudioVersion = 10.0.40219.1
Project("{9A19103F-16F7-4668-BE54-9A1E7A4F7556}") = "Models Objects", "Models Objects\Models Objects.csproj", "{C77ABB7B-D785-4408-913A-F5A265BEF4FA}"
EndProject
Global
	GlobalSection(SolutionConfigurationPlatforms) = preSolution
		Debug|Any CPU = Debug|Any CPU
		Release|Any CPU = Release|Any CPU
	EndGlobalSection
	GlobalSection(ProjectConfigurationPlatforms) = postSolution
		{C77ABB7B-D785-4408-913A-F5A265BEF4FA}.Debug|Any CPU.ActiveCfg = Debug|Any CPU
		{C77ABB7B-D785-4408-913A-F5A265BEF4FA}.Debug|Any CPU.Build.0 = Debug|Any CPU
		{C77ABB7B-D785-4408-913A-F5A265BEF4FA}.Release|Any CPU.ActiveCfg = Release|Any CPU
		{C77ABB7B-D785-4408-913A-F5A265BEF4FA}.Release|Any CPU.Build.0 = Release|Any CPU
	EndGlobalSection
	GlobalSection(SolutionProperties) = preSolution
		HideSolutionNode = FALSE
	EndGlobalSection
	GlobalSection(ExtensibilityGlobals) = postSolution
		SolutionGuid = {01A13106-32D5-43CA-93C6-AB88EBF1F4E7}
	EndGlobalSection
	GlobalSection(TeamFoundationVersionControl) = preSolution
		SccNumberOfProjects = 2
		SccEnterpriseProvider = {4CA58AB2-18FA-4F8D-95D4-32DDF27D184C}
		SccTeamFoundationServer = https://dev.azure.com/Ohtap
		SccLocalPath0 = .
		SccProjectUniqueName1 = Models\u0020Objects\\Models\u0020Objects.csproj
		SccProjectName1 = Models\u0020Objects
		SccLocalPath1 = Models\u0020Objects
	EndGlobalSection
EndGlobal
